{
  "name": "run_ajs",
  "version": "1.0.0",
  "lockfileVersion": 3,
  "requires": true,
  "packages": {
    "": {
      "name": "run_ajs",
      "version": "1.0.0",
      "license": "ISC",
      "dependencies": {
        "@ruslannikitin39/ajs": "^1.0.0"
      }
    },
    "node_modules/@ruslannikitin39/ajs": {
      "version": "1.0.0",
      "resolved": "https://npm.pkg.github.com/download/@ruslannikitin39/ajs/1.0.0/806fed6ee4fd2c8da1c9ea326063de412674c945",
      "integrity": "sha512-/5daMLXGBYdpFpY2uVNJ/bfjLkq6261nsMZhq1q7rESNjoOr7Yk4wrb5MmJA721t1bk/e8xI33g0Mto9DJV8kA==",
      "license": "ISC"
    }
  }
}
